
Microsoft Visual Studio Solution File, Format Version 12.00
# Visual Studio Version 17
VisualStudioVersion = 17.10.35122.118
MinimumVisualStudioVersion = 10.0.40219.1
Project("{FAE04EC0-301F-11D3-BF4B-00C04F79EFBC}") = "Door to Door Sales App", "Door to Door Sales App.csproj", "{D579A63E-8987-4AC5-A4AF-E346EFFC807D}"
EndProject
Global
	GlobalSection(SolutionConfigurationPlatforms) = preSolution
		Debug|Any CPU = Debug|Any CPU
		Release|Any CPU = Release|Any CPU
	EndGlobalSection
	GlobalSection(ProjectConfigurationPlatforms) = postSolution
		{D579A63E-8987-4AC5-A4AF-E346EFFC807D}.Debug|Any CPU.ActiveCfg = Debug|Any CPU
		{D579A63E-8987-4AC5-A4AF-E346EFFC807D}.Debug|Any CPU.Build.0 = Debug|Any CPU
		{D579A63E-8987-4AC5-A4AF-E346EFFC807D}.Release|Any CPU.ActiveCfg = Release|Any CPU
		{D579A63E-8987-4AC5-A4AF-E346EFFC807D}.Release|Any CPU.Build.0 = Release|Any CPU
	EndGlobalSection
	GlobalSection(SolutionProperties) = preSolution
		HideSolutionNode = FALSE
	EndGlobalSection
	GlobalSection(ExtensibilityGlobals) = postSolution
		SolutionGuid = {2B2AB6DD-D18F-4A71-9D44-8AA1411B0323}
	EndGlobalSection
EndGlobal
